
Microsoft Visual Studio Solution File, Format Version 12.00
Project("{FAE04EC0-301F-11D3-BF4B-00C04F79EFBC}") = "System_Rezerwacji_Biletow", "System_Rezerwacji_Biletow\System_Rezerwacji_Biletow.csproj", "{F76594DC-2088-46A5-9E6F-FEF94BAAEEBA}"
EndProject
Project("{FAE04EC0-301F-11D3-BF4B-00C04F79EFBC}") = "System_Rezerwacji_Biletow.Tests", "System_Rezerwacji_Biletow.Tests\System_Rezerwacji_Biletow.Tests.csproj", "{A13ED869-C857-48BA-AF60-A675D52E7B1C}"
EndProject
Global
	GlobalSection(SolutionConfigurationPlatforms) = preSolution
		Debug|Any CPU = Debug|Any CPU
		Release|Any CPU = Release|Any CPU
	EndGlobalSection
	GlobalSection(ProjectConfigurationPlatforms) = postSolution
		{F76594DC-2088-46A5-9E6F-FEF94BAAEEBA}.Debug|Any CPU.ActiveCfg = Debug|Any CPU
		{F76594DC-2088-46A5-9E6F-FEF94BAAEEBA}.Debug|Any CPU.Build.0 = Debug|Any CPU
		{F76594DC-2088-46A5-9E6F-FEF94BAAEEBA}.Release|Any CPU.ActiveCfg = Release|Any CPU
		{F76594DC-2088-46A5-9E6F-FEF94BAAEEBA}.Release|Any CPU.Build.0 = Release|Any CPU
		{A13ED869-C857-48BA-AF60-A675D52E7B1C}.Debug|Any CPU.ActiveCfg = Debug|Any CPU
		{A13ED869-C857-48BA-AF60-A675D52E7B1C}.Debug|Any CPU.Build.0 = Debug|Any CPU
		{A13ED869-C857-48BA-AF60-A675D52E7B1C}.Release|Any CPU.ActiveCfg = Release|Any CPU
		{A13ED869-C857-48BA-AF60-A675D52E7B1C}.Release|Any CPU.Build.0 = Release|Any CPU
	EndGlobalSection
EndGlobal
